
Microsoft Visual Studio Solution File, Format Version 12.00
# Visual Studio Version 16
VisualStudioVersion = 16.0.30114.105
MinimumVisualStudioVersion = 10.0.40219.1
Project("{FAE04EC0-301F-11D3-BF4B-00C04F79EFBC}") = "FluentSlackClient", "FluentSlackClient\FluentSlackClient.csproj", "{77CDDE3A-5F09-4BBA-A610-2B18A8B910E2}"
EndProject
Global
	GlobalSection(SolutionConfigurationPlatforms) = preSolution
		Debug|Any CPU = Debug|Any CPU
		Release|Any CPU = Release|Any CPU
	EndGlobalSection
	GlobalSection(ProjectConfigurationPlatforms) = postSolution
		{77CDDE3A-5F09-4BBA-A610-2B18A8B910E2}.Debug|Any CPU.ActiveCfg = Debug|Any CPU
		{77CDDE3A-5F09-4BBA-A610-2B18A8B910E2}.Debug|Any CPU.Build.0 = Debug|Any CPU
		{77CDDE3A-5F09-4BBA-A610-2B18A8B910E2}.Release|Any CPU.ActiveCfg = Release|Any CPU
		{77CDDE3A-5F09-4BBA-A610-2B18A8B910E2}.Release|Any CPU.Build.0 = Release|Any CPU
	EndGlobalSection
	GlobalSection(SolutionProperties) = preSolution
		HideSolutionNode = FALSE
	EndGlobalSection
	GlobalSection(ExtensibilityGlobals) = postSolution
		SolutionGuid = {FCA5848A-43A7-42DD-9536-2A43241327E7}
	EndGlobalSection
EndGlobal
